// !$*UTF8*$!
{
	archiveVersion = 1;
	classes = {
	};
	objectVersion = 55;
	objects = {

/* Begin PBXBuildFile section */
		AE1BDFC128D76E030048F11D /* AppDelegate.swift in Sources */ = {isa = PBXBuildFile; fileRef = AE1BDFC028D76E030048F11D /* AppDelegate.swift */; };
		AE1BDFC328D76E030048F11D /* SceneDelegate.swift in Sources */ = {isa = PBXBuildFile; fileRef = AE1BDFC228D76E030048F11D /* SceneDelegate.swift */; };
		AE1BDFC528D76E030048F11D /* ViewController.swift in Sources */ = {isa = PBXBuildFile; fileRef = AE1BDFC428D76E030048F11D /* ViewController.swift */; };
		AE1BDFCA28D76E050048F11D /* Assets.xcassets in Resources */ = {isa = PBXBuildFile; fileRef = AE1BDFC928D76E050048F11D /* Assets.xcassets */; };
		AE1BDFCD28D76E050048F11D /* LaunchScreen.storyboard in Resources */ = {isa = PBXBuildFile; fileRef = AE1BDFCB28D76E050048F11D /* LaunchScreen.storyboard */; };
		AE1BDFD528D771D60048F11D /* InicioViewController.swift in Sources */ = {isa = PBXBuildFile; fileRef = AE1BDFD428D771D60048F11D /* InicioViewController.swift */; };
		AE1BDFD928D77F130048F11D /* UIColor+Extension.swift in Sources */ = {isa = PBXBuildFile; fileRef = AE1BDFD828D77F130048F11D /* UIColor+Extension.swift */; };
		AE1BDFDB28D7864D0048F11D /* FavoritosViewController.swift in Sources */ = {isa = PBXBuildFile; fileRef = AE1BDFDA28D7864D0048F11D /* FavoritosViewController.swift */; };
		AE1BDFE128D786750048F11D /* MasViewController.swift in Sources */ = {isa = PBXBuildFile; fileRef = AE1BDFE028D786750048F11D /* MasViewController.swift */; };
		AE1BDFE428D78B380048F11D /* ApiCaller.swift in Sources */ = {isa = PBXBuildFile; fileRef = AE1BDFE328D78B380048F11D /* ApiCaller.swift */; };
		AE1BDFE728D78B690048F11D /* APIResponseCategory.swift in Sources */ = {isa = PBXBuildFile; fileRef = AE1BDFE628D78B690048F11D /* APIResponseCategory.swift */; };
		AE1BDFE928D78B890048F11D /* APIResponseTopItems.swift in Sources */ = {isa = PBXBuildFile; fileRef = AE1BDFE828D78B890048F11D /* APIResponseTopItems.swift */; };
		AE1BDFEB28D78BA40048F11D /* APIResponseMultiget.swift in Sources */ = {isa = PBXBuildFile; fileRef = AE1BDFEA28D78BA40048F11D /* APIResponseMultiget.swift */; };
		AE1BDFED28D78EB00048F11D /* ItemTableViewCell.swift in Sources */ = {isa = PBXBuildFile; fileRef = AE1BDFEC28D78EB00048F11D /* ItemTableViewCell.swift */; };
		AE1BDFF028D793CB0048F11D /* UIView+Extension.swift in Sources */ = {isa = PBXBuildFile; fileRef = AE1BDFEF28D793CB0048F11D /* UIView+Extension.swift */; };
		AE1BDFF228D796E20048F11D /* UIImageView+Extension.swift in Sources */ = {isa = PBXBuildFile; fileRef = AE1BDFF128D796E20048F11D /* UIImageView+Extension.swift */; };
		AE1BDFF428D7B53F0048F11D /* UIActivityIndicatorView+Extension.swift in Sources */ = {isa = PBXBuildFile; fileRef = AE1BDFF328D7B53F0048F11D /* UIActivityIndicatorView+Extension.swift */; };
		AE1BDFF728D7B6780048F11D /* TableViewModel.swift in Sources */ = {isa = PBXBuildFile; fileRef = AE1BDFF628D7B6780048F11D /* TableViewModel.swift */; };
		AE1BDFF928D7D5D50048F11D /* CustomError.swift in Sources */ = {isa = PBXBuildFile; fileRef = AE1BDFF828D7D5D50048F11D /* CustomError.swift */; };
		AE1BDFFB28D7EB6A0048F11D /* TableViewCellType.swift in Sources */ = {isa = PBXBuildFile; fileRef = AE1BDFFA28D7EB6A0048F11D /* TableViewCellType.swift */; };
		AE1BDFFD28D7F59C0048F11D /* DetailViewController.swift in Sources */ = {isa = PBXBuildFile; fileRef = AE1BDFFC28D7F59C0048F11D /* DetailViewController.swift */; };
		AE1BDFFF28D8D75F0048F11D /* UIButton+Extension.swift in Sources */ = {isa = PBXBuildFile; fileRef = AE1BDFFE28D8D75F0048F11D /* UIButton+Extension.swift */; };
		AE1BE00128D8E9070048F11D /* CustomButtonType.swift in Sources */ = {isa = PBXBuildFile; fileRef = AE1BE00028D8E9070048F11D /* CustomButtonType.swift */; };
		AEB699C228DA98920084D644 /* UDHelper.swift in Sources */ = {isa = PBXBuildFile; fileRef = AEB699C128DA98920084D644 /* UDHelper.swift */; };
		AEB699C428DAA7EA0084D644 /* DetailViewModel.swift in Sources */ = {isa = PBXBuildFile; fileRef = AEB699C328DAA7EA0084D644 /* DetailViewModel.swift */; };
		AEB699C628DAB0020084D644 /* FavoritesViewModel.swift in Sources */ = {isa = PBXBuildFile; fileRef = AEB699C528DAB0020084D644 /* FavoritesViewModel.swift */; };
		AEB699CA28DB8F930084D644 /* TableService.swift in Sources */ = {isa = PBXBuildFile; fileRef = AEB699C928DB8F930084D644 /* TableService.swift */; };
		AEB699CC28DB962F0084D644 /* ProductService.swift in Sources */ = {isa = PBXBuildFile; fileRef = AEB699CB28DB962F0084D644 /* ProductService.swift */; };
		AEDA3AB128DA91870081F36D /* BindableClass.swift in Sources */ = {isa = PBXBuildFile; fileRef = AEDA3AB028DA91870081F36D /* BindableClass.swift */; };
/* End PBXBuildFile section */

/* Begin PBXFileReference section */
		AE1BDFBD28D76E030048F11D /* MeliClone.app */ = {isa = PBXFileReference; explicitFileType = wrapper.application; includeInIndex = 0; path = MeliClone.app; sourceTree = BUILT_PRODUCTS_DIR; };
		AE1BDFC028D76E030048F11D /* AppDelegate.swift */ = {isa = PBXFileReference; lastKnownFileType = sourcecode.swift; path = AppDelegate.swift; sourceTree = "<group>"; };
		AE1BDFC228D76E030048F11D /* SceneDelegate.swift */ = {isa = PBXFileReference; lastKnownFileType = sourcecode.swift; path = SceneDelegate.swift; sourceTree = "<group>"; };
		AE1BDFC428D76E030048F11D /* ViewController.swift */ = {isa = PBXFileReference; lastKnownFileType = sourcecode.swift; path = ViewController.swift; sourceTree = "<group>"; };
		AE1BDFC928D76E050048F11D /* Assets.xcassets */ = {isa = PBXFileReference; lastKnownFileType = folder.assetcatalog; path = Assets.xcassets; sourceTree = "<group>"; };
		AE1BDFCC28D76E050048F11D /* Base */ = {isa = PBXFileReference; lastKnownFileType = file.storyboard; name = Base; path = Base.lproj/LaunchScreen.storyboard; sourceTree = "<group>"; };
		AE1BDFCE28D76E050048F11D /* Info.plist */ = {isa = PBXFileReference; lastKnownFileType = text.plist.xml; path = Info.plist; sourceTree = "<group>"; };
		AE1BDFD428D771D60048F11D /* InicioViewController.swift */ = {isa = PBXFileReference; lastKnownFileType = sourcecode.swift; path = InicioViewController.swift; sourceTree = "<group>"; };
		AE1BDFD828D77F130048F11D /* UIColor+Extension.swift */ = {isa = PBXFileReference; lastKnownFileType = sourcecode.swift; path = "UIColor+Extension.swift"; sourceTree = "<group>"; };
		AE1BDFDA28D7864D0048F11D /* FavoritosViewController.swift */ = {isa = PBXFileReference; lastKnownFileType = sourcecode.swift; path = FavoritosViewController.swift; sourceTree = "<group>"; };
		AE1BDFE028D786750048F11D /* MasViewController.swift */ = {isa = PBXFileReference; lastKnownFileType = sourcecode.swift; path = MasViewController.swift; sourceTree = "<group>"; };
		AE1BDFE328D78B380048F11D /* ApiCaller.swift */ = {isa = PBXFileReference; lastKnownFileType = sourcecode.swift; path = ApiCaller.swift; sourceTree = "<group>"; };
		AE1BDFE628D78B690048F11D /* APIResponseCategory.swift */ = {isa = PBXFileReference; lastKnownFileType = sourcecode.swift; path = APIResponseCategory.swift; sourceTree = "<group>"; };
		AE1BDFE828D78B890048F11D /* APIResponseTopItems.swift */ = {isa = PBXFileReference; lastKnownFileType = sourcecode.swift; path = APIResponseTopItems.swift; sourceTree = "<group>"; };
		AE1BDFEA28D78BA40048F11D /* APIResponseMultiget.swift */ = {isa = PBXFileReference; lastKnownFileType = sourcecode.swift; path = APIResponseMultiget.swift; sourceTree = "<group>"; };
		AE1BDFEC28D78EB00048F11D /* ItemTableViewCell.swift */ = {isa = PBXFileReference; lastKnownFileType = sourcecode.swift; path = ItemTableViewCell.swift; sourceTree = "<group>"; };
		AE1BDFEF28D793CB0048F11D /* UIView+Extension.swift */ = {isa = PBXFileReference; lastKnownFileType = sourcecode.swift; path = "UIView+Extension.swift"; sourceTree = "<group>"; };
		AE1BDFF128D796E20048F11D /* UIImageView+Extension.swift */ = {isa = PBXFileReference; lastKnownFileType = sourcecode.swift; path = "UIImageView+Extension.swift"; sourceTree = "<group>"; };
		AE1BDFF328D7B53F0048F11D /* UIActivityIndicatorView+Extension.swift */ = {isa = PBXFileReference; lastKnownFileType = sourcecode.swift; path = "UIActivityIndicatorView+Extension.swift"; sourceTree = "<group>"; };
		AE1BDFF628D7B6780048F11D /* TableViewModel.swift */ = {isa = PBXFileReference; lastKnownFileType = sourcecode.swift; path = TableViewModel.swift; sourceTree = "<group>"; };
		AE1BDFF828D7D5D50048F11D /* CustomError.swift */ = {isa = PBXFileReference; lastKnownFileType = sourcecode.swift; path = CustomError.swift; sourceTree = "<group>"; };
		AE1BDFFA28D7EB6A0048F11D /* TableViewCellType.swift */ = {isa = PBXFileReference; lastKnownFileType = sourcecode.swift; path = TableViewCellType.swift; sourceTree = "<group>"; };
		AE1BDFFC28D7F59C0048F11D /* DetailViewController.swift */ = {isa = PBXFileReference; lastKnownFileType = sourcecode.swift; path = DetailViewController.swift; sourceTree = "<group>"; };
		AE1BDFFE28D8D75F0048F11D /* UIButton+Extension.swift */ = {isa = PBXFileReference; lastKnownFileType = sourcecode.swift; path = "UIButton+Extension.swift"; sourceTree = "<group>"; };
		AE1BE00028D8E9070048F11D /* CustomButtonType.swift */ = {isa = PBXFileReference; lastKnownFileType = sourcecode.swift; path = CustomButtonType.swift; sourceTree = "<group>"; };
		AEB699C128DA98920084D644 /* UDHelper.swift */ = {isa = PBXFileReference; lastKnownFileType = sourcecode.swift; path = UDHelper.swift; sourceTree = "<group>"; };
		AEB699C328DAA7EA0084D644 /* DetailViewModel.swift */ = {isa = PBXFileReference; lastKnownFileType = sourcecode.swift; path = DetailViewModel.swift; sourceTree = "<group>"; };
		AEB699C528DAB0020084D644 /* FavoritesViewModel.swift */ = {isa = PBXFileReference; lastKnownFileType = sourcecode.swift; path = FavoritesViewModel.swift; sourceTree = "<group>"; };
		AEB699C928DB8F930084D644 /* TableService.swift */ = {isa = PBXFileReference; lastKnownFileType = sourcecode.swift; path = TableService.swift; sourceTree = "<group>"; };
		AEB699CB28DB962F0084D644 /* ProductService.swift */ = {isa = PBXFileReference; lastKnownFileType = sourcecode.swift; path = ProductService.swift; sourceTree = "<group>"; };
		AEDA3AB028DA91870081F36D /* BindableClass.swift */ = {isa = PBXFileReference; lastKnownFileType = sourcecode.swift; path = BindableClass.swift; sourceTree = "<group>"; };
/* End PBXFileReference section */

/* Begin PBXFrameworksBuildPhase section */
		AE1BDFBA28D76E030048F11D /* Frameworks */ = {
			isa = PBXFrameworksBuildPhase;
			buildActionMask = 2147483647;
			files = (
			);
			runOnlyForDeploymentPostprocessing = 0;
		};
/* End PBXFrameworksBuildPhase section */

/* Begin PBXGroup section */
		AE1BDFB428D76E030048F11D = {
			isa = PBXGroup;
			children = (
				AE1BDFBF28D76E030048F11D /* MeliClone */,
				AE1BDFBE28D76E030048F11D /* Products */,
			);
			sourceTree = "<group>";
		};
		AE1BDFBE28D76E030048F11D /* Products */ = {
			isa = PBXGroup;
			children = (
				AE1BDFBD28D76E030048F11D /* MeliClone.app */,
			);
			name = Products;
			sourceTree = "<group>";
		};
		AE1BDFBF28D76E030048F11D /* MeliClone */ = {
			isa = PBXGroup;
			children = (
				AEB699C828DB8F560084D644 /* Service */,
				AEB699C728DAB6020084D644 /* Manager */,
				AEDA3AAF28DA91710081F36D /* Utility */,
				AE1BDFF528D7B6540048F11D /* ViewModel */,
				AE1BDFEE28D793AF0048F11D /* Extension */,
				AE1BDFE528D78B500048F11D /* Model */,
				AE1BDFC028D76E030048F11D /* AppDelegate.swift */,
				AE1BDFC228D76E030048F11D /* SceneDelegate.swift */,
				AE1BDFC428D76E030048F11D /* ViewController.swift */,
				AE1BDFC928D76E050048F11D /* Assets.xcassets */,
				AE1BDFCB28D76E050048F11D /* LaunchScreen.storyboard */,
				AE1BDFCE28D76E050048F11D /* Info.plist */,
				AE1BDFE228D786890048F11D /* View */,
			);
			path = MeliClone;
			sourceTree = "<group>";
		};
		AE1BDFE228D786890048F11D /* View */ = {
			isa = PBXGroup;
			children = (
				AE1BDFD428D771D60048F11D /* InicioViewController.swift */,
				AE1BDFDA28D7864D0048F11D /* FavoritosViewController.swift */,
				AE1BDFE028D786750048F11D /* MasViewController.swift */,
				AE1BDFEC28D78EB00048F11D /* ItemTableViewCell.swift */,
				AE1BDFFC28D7F59C0048F11D /* DetailViewController.swift */,
			);
			path = View;
			sourceTree = "<group>";
		};
		AE1BDFE528D78B500048F11D /* Model */ = {
			isa = PBXGroup;
			children = (
				AE1BDFE628D78B690048F11D /* APIResponseCategory.swift */,
				AE1BDFE828D78B890048F11D /* APIResponseTopItems.swift */,
				AE1BDFEA28D78BA40048F11D /* APIResponseMultiget.swift */,
				AE1BDFF828D7D5D50048F11D /* CustomError.swift */,
				AE1BDFFA28D7EB6A0048F11D /* TableViewCellType.swift */,
				AE1BE00028D8E9070048F11D /* CustomButtonType.swift */,
			);
			path = Model;
			sourceTree = "<group>";
		};
		AE1BDFEE28D793AF0048F11D /* Extension */ = {
			isa = PBXGroup;
			children = (
				AE1BDFEF28D793CB0048F11D /* UIView+Extension.swift */,
				AE1BDFF128D796E20048F11D /* UIImageView+Extension.swift */,
				AE1BDFD828D77F130048F11D /* UIColor+Extension.swift */,
				AE1BDFF328D7B53F0048F11D /* UIActivityIndicatorView+Extension.swift */,
				AE1BDFFE28D8D75F0048F11D /* UIButton+Extension.swift */,
			);
			path = Extension;
			sourceTree = "<group>";
		};
		AE1BDFF528D7B6540048F11D /* ViewModel */ = {
			isa = PBXGroup;
			children = (
				AE1BDFF628D7B6780048F11D /* TableViewModel.swift */,
				AEB699C328DAA7EA0084D644 /* DetailViewModel.swift */,
				AEB699C528DAB0020084D644 /* FavoritesViewModel.swift */,
			);
			path = ViewModel;
			sourceTree = "<group>";
		};
		AEB699C728DAB6020084D644 /* Manager */ = {
			isa = PBXGroup;
			children = (
				AE1BDFE328D78B380048F11D /* ApiCaller.swift */,
			);
			path = Manager;
			sourceTree = "<group>";
		};
		AEB699C828DB8F560084D644 /* Service */ = {
			isa = PBXGroup;
			children = (
				AEB699C928DB8F930084D644 /* TableService.swift */,
				AEB699CB28DB962F0084D644 /* ProductService.swift */,
			);
			path = Service;
			sourceTree = "<group>";
		};
		AEDA3AAF28DA91710081F36D /* Utility */ = {
			isa = PBXGroup;
			children = (
				AEDA3AB028DA91870081F36D /* BindableClass.swift */,
				AEB699C128DA98920084D644 /* UDHelper.swift */,
			);
			path = Utility;
			sourceTree = "<group>";
		};
/* End PBXGroup section */

/* Begin PBXNativeTarget section */
		AE1BDFBC28D76E030048F11D /* MeliClone */ = {
			isa = PBXNativeTarget;
			buildConfigurationList = AE1BDFD128D76E050048F11D /* Build configuration list for PBXNativeTarget "MeliClone" */;
			buildPhases = (
				AE1BDFB928D76E030048F11D /* Sources */,
				AE1BDFBA28D76E030048F11D /* Frameworks */,
				AE1BDFBB28D76E030048F11D /* Resources */,
			);
			buildRules = (
			);
			dependencies = (
			);
			name = MeliClone;
			productName = MeliClone;
			productReference = AE1BDFBD28D76E030048F11D /* MeliClone.app */;
			productType = "com.apple.product-type.application";
		};
/* End PBXNativeTarget section */

/* Begin PBXProject section */
		AE1BDFB528D76E030048F11D /* Project object */ = {
			isa = PBXProject;
			attributes = {
				BuildIndependentTargetsInParallel = 1;
				LastSwiftUpdateCheck = 1340;
				LastUpgradeCheck = 1340;
				TargetAttributes = {
					AE1BDFBC28D76E030048F11D = {
						CreatedOnToolsVersion = 13.4.1;
					};
				};
			};
			buildConfigurationList = AE1BDFB828D76E030048F11D /* Build configuration list for PBXProject "MeliClone" */;
			compatibilityVersion = "Xcode 13.0";
			developmentRegion = en;
			hasScannedForEncodings = 0;
			knownRegions = (
				en,
				Base,
			);
			mainGroup = AE1BDFB428D76E030048F11D;
			productRefGroup = AE1BDFBE28D76E030048F11D /* Products */;
			projectDirPath = "";
			projectRoot = "";
			targets = (
				AE1BDFBC28D76E030048F11D /* MeliClone */,
			);
		};
/* End PBXProject section */

/* Begin PBXResourcesBuildPhase section */
		AE1BDFBB28D76E030048F11D /* Resources */ = {
			isa = PBXResourcesBuildPhase;
			buildActionMask = 2147483647;
			files = (
				AE1BDFCD28D76E050048F11D /* LaunchScreen.storyboard in Resources */,
				AE1BDFCA28D76E050048F11D /* Assets.xcassets in Resources */,
			);
			runOnlyForDeploymentPostprocessing = 0;
		};
/* End PBXResourcesBuildPhase section */

/* Begin PBXSourcesBuildPhase section */
		AE1BDFB928D76E030048F11D /* Sources */ = {
			isa = PBXSourcesBuildPhase;
			buildActionMask = 2147483647;
			files = (
				AE1BDFC528D76E030048F11D /* ViewController.swift in Sources */,
				AE1BDFE128D786750048F11D /* MasViewController.swift in Sources */,
				AE1BDFE928D78B890048F11D /* APIResponseTopItems.swift in Sources */,
				AEB699C628DAB0020084D644 /* FavoritesViewModel.swift in Sources */,
				AEDA3AB128DA91870081F36D /* BindableClass.swift in Sources */,
				AE1BDFFF28D8D75F0048F11D /* UIButton+Extension.swift in Sources */,
				AE1BDFF028D793CB0048F11D /* UIView+Extension.swift in Sources */,
				AE1BDFC128D76E030048F11D /* AppDelegate.swift in Sources */,
				AE1BE00128D8E9070048F11D /* CustomButtonType.swift in Sources */,
				AE1BDFFD28D7F59C0048F11D /* DetailViewController.swift in Sources */,
				AE1BDFDB28D7864D0048F11D /* FavoritosViewController.swift in Sources */,
				AE1BDFF928D7D5D50048F11D /* CustomError.swift in Sources */,
				AE1BDFC328D76E030048F11D /* SceneDelegate.swift in Sources */,
				AE1BDFEB28D78BA40048F11D /* APIResponseMultiget.swift in Sources */,
				AE1BDFFB28D7EB6A0048F11D /* TableViewCellType.swift in Sources */,
				AE1BDFF428D7B53F0048F11D /* UIActivityIndicatorView+Extension.swift in Sources */,
				AEB699C428DAA7EA0084D644 /* DetailViewModel.swift in Sources */,
				AEB699CC28DB962F0084D644 /* ProductService.swift in Sources */,
				AEB699C228DA98920084D644 /* UDHelper.swift in Sources */,
				AE1BDFF228D796E20048F11D /* UIImageView+Extension.swift in Sources */,
				AE1BDFD528D771D60048F11D /* InicioViewController.swift in Sources */,
				AE1BDFD928D77F130048F11D /* UIColor+Extension.swift in Sources */,
				AE1BDFE428D78B380048F11D /* ApiCaller.swift in Sources */,
				AE1BDFF728D7B6780048F11D /* TableViewModel.swift in Sources */,
				AE1BDFED28D78EB00048F11D /* ItemTableViewCell.swift in Sources */,
				AEB699CA28DB8F930084D644 /* TableService.swift in Sources */,
				AE1BDFE728D78B690048F11D /* APIResponseCategory.swift in Sources */,
			);
			runOnlyForDeploymentPostprocessing = 0;
		};
/* End PBXSourcesBuildPhase section */

/* Begin PBXVariantGroup section */
		AE1BDFCB28D76E050048F11D /* LaunchScreen.storyboard */ = {
			isa = PBXVariantGroup;
			children = (
				AE1BDFCC28D76E050048F11D /* Base */,
			);
			name = LaunchScreen.storyboard;
			sourceTree = "<group>";
		};
/* End PBXVariantGroup section */

/* Begin XCBuildConfiguration section */
		AE1BDFCF28D76E050048F11D /* Debug */ = {
			isa = XCBuildConfiguration;
			buildSettings = {
				ALWAYS_SEARCH_USER_PATHS = NO;
				CLANG_ANALYZER_NONNULL = YES;
				CLANG_ANALYZER_NUMBER_OBJECT_CONVERSION = YES_AGGRESSIVE;
				CLANG_CXX_LANGUAGE_STANDARD = "gnu++17";
				CLANG_ENABLE_MODULES = YES;
				CLANG_ENABLE_OBJC_ARC = YES;
				CLANG_ENABLE_OBJC_WEAK = YES;
				CLANG_WARN_BLOCK_CAPTURE_AUTORELEASING = YES;
				CLANG_WARN_BOOL_CONVERSION = YES;
				CLANG_WARN_COMMA = YES;
				CLANG_WARN_CONSTANT_CONVERSION = YES;
				CLANG_WARN_DEPRECATED_OBJC_IMPLEMENTATIONS = YES;
				CLANG_WARN_DIRECT_OBJC_ISA_USAGE = YES_ERROR;
				CLANG_WARN_DOCUMENTATION_COMMENTS = YES;
				CLANG_WARN_EMPTY_BODY = YES;
				CLANG_WARN_ENUM_CONVERSION = YES;
				CLANG_WARN_INFINITE_RECURSION = YES;
				CLANG_WARN_INT_CONVERSION = YES;
				CLANG_WARN_NON_LITERAL_NULL_CONVERSION = YES;
				CLANG_WARN_OBJC_IMPLICIT_RETAIN_SELF = YES;
				CLANG_WARN_OBJC_LITERAL_CONVERSION = YES;
				CLANG_WARN_OBJC_ROOT_CLASS = YES_ERROR;
				CLANG_WARN_QUOTED_INCLUDE_IN_FRAMEWORK_HEADER = YES;
				CLANG_WARN_RANGE_LOOP_ANALYSIS = YES;
				CLANG_WARN_STRICT_PROTOTYPES = YES;
				CLANG_WARN_SUSPICIOUS_MOVE = YES;
				CLANG_WARN_UNGUARDED_AVAILABILITY = YES_AGGRESSIVE;
				CLANG_WARN_UNREACHABLE_CODE = YES;
				CLANG_WARN__DUPLICATE_METHOD_MATCH = YES;
				COPY_PHASE_STRIP = NO;
				DEBUG_INFORMATION_FORMAT = dwarf;
				ENABLE_STRICT_OBJC_MSGSEND = YES;
				ENABLE_TESTABILITY = YES;
				GCC_C_LANGUAGE_STANDARD = gnu11;
				GCC_DYNAMIC_NO_PIC = NO;
				GCC_NO_COMMON_BLOCKS = YES;
				GCC_OPTIMIZATION_LEVEL = 0;
				GCC_PREPROCESSOR_DEFINITIONS = (
					"DEBUG=1",
					"$(inherited)",
				);
				GCC_WARN_64_TO_32_BIT_CONVERSION = YES;
				GCC_WARN_ABOUT_RETURN_TYPE = YES_ERROR;
				GCC_WARN_UNDECLARED_SELECTOR = YES;
				GCC_WARN_UNINITIALIZED_AUTOS = YES_AGGRESSIVE;
				GCC_WARN_UNUSED_FUNCTION = YES;
				GCC_WARN_UNUSED_VARIABLE = YES;
				IPHONEOS_DEPLOYMENT_TARGET = 15.5;
				MTL_ENABLE_DEBUG_INFO = INCLUDE_SOURCE;
				MTL_FAST_MATH = YES;
				ONLY_ACTIVE_ARCH = YES;
				SDKROOT = iphoneos;
				SWIFT_ACTIVE_COMPILATION_CONDITIONS = DEBUG;
				SWIFT_OPTIMIZATION_LEVEL = "-Onone";
			};
			name = Debug;
		};
		AE1BDFD028D76E050048F11D /* Release */ = {
			isa = XCBuildConfiguration;
			buildSettings = {
				ALWAYS_SEARCH_USER_PATHS = NO;
				CLANG_ANALYZER_NONNULL = YES;
				CLANG_ANALYZER_NUMBER_OBJECT_CONVERSION = YES_AGGRESSIVE;
				CLANG_CXX_LANGUAGE_STANDARD = "gnu++17";
				CLANG_ENABLE_MODULES = YES;
				CLANG_ENABLE_OBJC_ARC = YES;
				CLANG_ENABLE_OBJC_WEAK = YES;
				CLANG_WARN_BLOCK_CAPTURE_AUTORELEASING = YES;
				CLANG_WARN_BOOL_CONVERSION = YES;
				CLANG_WARN_COMMA = YES;
				CLANG_WARN_CONSTANT_CONVERSION = YES;
				CLANG_WARN_DEPRECATED_OBJC_IMPLEMENTATIONS = YES;
				CLANG_WARN_DIRECT_OBJC_ISA_USAGE = YES_ERROR;
				CLANG_WARN_DOCUMENTATION_COMMENTS = YES;
				CLANG_WARN_EMPTY_BODY = YES;
				CLANG_WARN_ENUM_CONVERSION = YES;
				CLANG_WARN_INFINITE_RECURSION = YES;
				CLANG_WARN_INT_CONVERSION = YES;
				CLANG_WARN_NON_LITERAL_NULL_CONVERSION = YES;
				CLANG_WARN_OBJC_IMPLICIT_RETAIN_SELF = YES;
				CLANG_WARN_OBJC_LITERAL_CONVERSION = YES;
				CLANG_WARN_OBJC_ROOT_CLASS = YES_ERROR;
				CLANG_WARN_QUOTED_INCLUDE_IN_FRAMEWORK_HEADER = YES;
				CLANG_WARN_RANGE_LOOP_ANALYSIS = YES;
				CLANG_WARN_STRICT_PROTOTYPES = YES;
				CLANG_WARN_SUSPICIOUS_MOVE = YES;
				CLANG_WARN_UNGUARDED_AVAILABILITY = YES_AGGRESSIVE;
				CLANG_WARN_UNREACHABLE_CODE = YES;
				CLANG_WARN__DUPLICATE_METHOD_MATCH = YES;
				COPY_PHASE_STRIP = NO;
				DEBUG_INFORMATION_FORMAT = "dwarf-with-dsym";
				ENABLE_NS_ASSERTIONS = NO;
				ENABLE_STRICT_OBJC_MSGSEND = YES;
				GCC_C_LANGUAGE_STANDARD = gnu11;
				GCC_NO_COMMON_BLOCKS = YES;
				GCC_WARN_64_TO_32_BIT_CONVERSION = YES;
				GCC_WARN_ABOUT_RETURN_TYPE = YES_ERROR;
				GCC_WARN_UNDECLARED_SELECTOR = YES;
				GCC_WARN_UNINITIALIZED_AUTOS = YES_AGGRESSIVE;
				GCC_WARN_UNUSED_FUNCTION = YES;
				GCC_WARN_UNUSED_VARIABLE = YES;
				IPHONEOS_DEPLOYMENT_TARGET = 15.5;
				MTL_ENABLE_DEBUG_INFO = NO;
				MTL_FAST_MATH = YES;
				SDKROOT = iphoneos;
				SWIFT_COMPILATION_MODE = wholemodule;
				SWIFT_OPTIMIZATION_LEVEL = "-O";
				VALIDATE_PRODUCT = YES;
			};
			name = Release;
		};
		AE1BDFD228D76E050048F11D /* Debug */ = {
			isa = XCBuildConfiguration;
			buildSettings = {
				ASSETCATALOG_COMPILER_APPICON_NAME = AppIcon;
				ASSETCATALOG_COMPILER_GLOBAL_ACCENT_COLOR_NAME = AccentColor;
				CODE_SIGN_STYLE = Automatic;
				CURRENT_PROJECT_VERSION = 1;
				DEVELOPMENT_TEAM = AFWN9JLJVU;
				GENERATE_INFOPLIST_FILE = YES;
				INFOPLIST_FILE = MeliClone/Info.plist;
				INFOPLIST_KEY_UIApplicationSupportsIndirectInputEvents = YES;
				INFOPLIST_KEY_UILaunchStoryboardName = LaunchScreen;
				INFOPLIST_KEY_UISupportedInterfaceOrientations_iPad = "UIInterfaceOrientationPortrait UIInterfaceOrientationPortraitUpsideDown UIInterfaceOrientationLandscapeLeft UIInterfaceOrientationLandscapeRight";
				INFOPLIST_KEY_UISupportedInterfaceOrientations_iPhone = "UIInterfaceOrientationPortrait UIInterfaceOrientationLandscapeLeft UIInterfaceOrientationLandscapeRight";
				LD_RUNPATH_SEARCH_PATHS = (
					"$(inherited)",
					"@executable_path/Frameworks",
				);
				MARKETING_VERSION = 1.0;
				PRODUCT_BUNDLE_IDENTIFIER = Alkemy.MeliClone;
				PRODUCT_NAME = "$(TARGET_NAME)";
				SWIFT_EMIT_LOC_STRINGS = YES;
				SWIFT_VERSION = 5.0;
				TARGETED_DEVICE_FAMILY = "1,2";
			};
			name = Debug;
		};
		AE1BDFD328D76E050048F11D /* Release */ = {
			isa = XCBuildConfiguration;
			buildSettings = {
				ASSETCATALOG_COMPILER_APPICON_NAME = AppIcon;
				ASSETCATALOG_COMPILER_GLOBAL_ACCENT_COLOR_NAME = AccentColor;
				CODE_SIGN_STYLE = Automatic;
				CURRENT_PROJECT_VERSION = 1;
				DEVELOPMENT_TEAM = AFWN9JLJVU;
				GENERATE_INFOPLIST_FILE = YES;
				INFOPLIST_FILE = MeliClone/Info.plist;
				INFOPLIST_KEY_UIApplicationSupportsIndirectInputEvents = YES;
				INFOPLIST_KEY_UILaunchStoryboardName = LaunchScreen;
				INFOPLIST_KEY_UISupportedInterfaceOrientations_iPad = "UIInterfaceOrientationPortrait UIInterfaceOrientationPortraitUpsideDown UIInterfaceOrientationLandscapeLeft UIInterfaceOrientationLandscapeRight";
				INFOPLIST_KEY_UISupportedInterfaceOrientations_iPhone = "UIInterfaceOrientationPortrait UIInterfaceOrientationLandscapeLeft UIInterfaceOrientationLandscapeRight";
				LD_RUNPATH_SEARCH_PATHS = (
					"$(inherited)",
					"@executable_path/Frameworks",
				);
				MARKETING_VERSION = 1.0;
				PRODUCT_BUNDLE_IDENTIFIER = Alkemy.MeliClone;
				PRODUCT_NAME = "$(TARGET_NAME)";
				SWIFT_EMIT_LOC_STRINGS = YES;
				SWIFT_VERSION = 5.0;
				TARGETED_DEVICE_FAMILY = "1,2";
			};
			name = Release;
		};
/* End XCBuildConfiguration section */

/* Begin XCConfigurationList section */
		AE1BDFB828D76E030048F11D /* Build configuration list for PBXProject "MeliClone" */ = {
			isa = XCConfigurationList;
			buildConfigurations = (
				AE1BDFCF28D76E050048F11D /* Debug */,
				AE1BDFD028D76E050048F11D /* Release */,
			);
			defaultConfigurationIsVisible = 0;
			defaultConfigurationName = Release;
		};
		AE1BDFD128D76E050048F11D /* Build configuration list for PBXNativeTarget "MeliClone" */ = {
			isa = XCConfigurationList;
			buildConfigurations = (
				AE1BDFD228D76E050048F11D /* Debug */,
				AE1BDFD328D76E050048F11D /* Release */,
			);
			defaultConfigurationIsVisible = 0;
			defaultConfigurationName = Release;
		};
/* End XCConfigurationList section */
	};
	rootObject = AE1BDFB528D76E030048F11D /* Project object */;
}
